
Microsoft Visual Studio Solution File, Format Version 12.00
# Visual Studio Version 16
VisualStudioVersion = 16.0.33027.164
MinimumVisualStudioVersion = 10.0.40219.1
Project("{FAE04EC0-301F-11D3-BF4B-00C04F79EFBC}") = "Bai32AddInArcMap", "Bai32AddInArcMap\Bai32AddInArcMap.csproj", "{C1B7A0D1-7883-4577-B2BA-C7C858B8C57F}"
EndProject
Global
	GlobalSection(SolutionConfigurationPlatforms) = preSolution
		Debug|Any CPU = Debug|Any CPU
		Release|Any CPU = Release|Any CPU
	EndGlobalSection
	GlobalSection(ProjectConfigurationPlatforms) = postSolution
		{C1B7A0D1-7883-4577-B2BA-C7C858B8C57F}.Debug|Any CPU.ActiveCfg = Debug|Any CPU
		{C1B7A0D1-7883-4577-B2BA-C7C858B8C57F}.Debug|Any CPU.Build.0 = Debug|Any CPU
		{C1B7A0D1-7883-4577-B2BA-C7C858B8C57F}.Release|Any CPU.ActiveCfg = Release|Any CPU
		{C1B7A0D1-7883-4577-B2BA-C7C858B8C57F}.Release|Any CPU.Build.0 = Release|Any CPU
	EndGlobalSection
	GlobalSection(SolutionProperties) = preSolution
		HideSolutionNode = FALSE
	EndGlobalSection
	GlobalSection(ExtensibilityGlobals) = postSolution
		SolutionGuid = {7651027A-2F60-4680-B3AD-D571AA05B42D}
	EndGlobalSection
EndGlobal
